<?xml version="1.0" encoding="utf-8"?>
<Project ToolsVersion="4.0" xmlns="http://schemas.microsoft.com/developer/msbuild/2003">
  <ItemGroup>
    <Filter Include="Source Files">
      <UniqueIdentifier>{4FC737F1-C7A5-4376-A066-2A32D752A2FF}</UniqueIdentifier>
      <Extensions>cpp;c;cc;cxx;def;odl;idl;hpj;bat;asm;asmx</Extensions>
    </Filter>
    <Filter Include="Header Files">
      <UniqueIdentifier>{93995380-89BD-4b04-88EB-625FBE52EBFB}</UniqueIdentifier>
      <Extensions>h;hh;hpp;hxx;hm;inl;inc;xsd</Extensions>
    </Filter>
    <Filter Include="Resource Files">
      <UniqueIdentifier>{67DA6AB6-F800-4c08-8B7A-83BB121AAD01}</UniqueIdentifier>
      <Extensions>rc;ico;cur;bmp;dlg;rc2;rct;bin;rgs;gif;jpg;jpeg;jpe;resx;tiff;tif;png;wav;mfcribbon-ms</Extensions>
    </Filter>
    <Filter Include="Docs">
      <UniqueIdentifier>{604d97c2-b7d1-46d6-86c6-1da7d35f19a7}</UniqueIdentifier>
    </Filter>
    <Filter Include="Tools">
      <UniqueIdentifier>{0e926bad-562a-4386-98ec-2c8018ef5782}</UniqueIdentifier>
    </Filter>
    <Filter Include="Source Files\auto_gen_grpc_client">
      <UniqueIdentifier>{442007ac-45ec-4f9e-8b3c-66fd978751a8}</UniqueIdentifier>
    </Filter>
    <Filter Include="Header Files\auto_gen_grpc_client">
      <UniqueIdentifier>{47629613-0385-40e3-96ee-9b7f8d8ffb55}</UniqueIdentifier>
    </Filter>
    <Filter Include="gRPC_protos">
      <UniqueIdentifier>{c3587109-f7de-48f4-9bbe-2dd0eb14dba6}</UniqueIdentifier>
    </Filter>
    <Filter Include="gRPC_protos\Protos">
      <UniqueIdentifier>{12bf795b-819e-4812-bdcd-88065b3b906b}</UniqueIdentifier>
    </Filter>
  </ItemGroup>
  <ItemGroup>
    <ClCompile Include="src\devices_prameters_client.cpp">
      <Filter>Source Files</Filter>
    </ClCompile>
    <ClCompile Include="src\restriction_lists_client.cpp">
      <Filter>Source Files</Filter>
    </ClCompile>
    <ClCompile Include="src\devices_manager_client.cpp">
      <Filter>Source Files</Filter>
    </ClCompile>
    <ClCompile Include="src\transactions_client.cpp">
      <Filter>Source Files</Filter>
    </ClCompile>
    <ClCompile Include="src\demo_version.cpp">
      <Filter>Source Files</Filter>
    </ClCompile>
    <ClCompile Include="src\demo.cpp">
      <Filter>Source Files</Filter>
    </ClCompile>
    <ClCompile Include="src\auto_gen_grpc_client\acceptance_list.grpc.pb.cc">
      <Filter>Source Files\auto_gen_grpc_client</Filter>
    </ClCompile>
    <ClCompile Include="src\auto_gen_grpc_client\acceptance_list.pb.cc">
      <Filter>Source Files\auto_gen_grpc_client</Filter>
    </ClCompile>
    <ClCompile Include="src\auto_gen_grpc_client\accepted_bin.grpc.pb.cc">
      <Filter>Source Files\auto_gen_grpc_client</Filter>
    </ClCompile>
    <ClCompile Include="src\auto_gen_grpc_client\accepted_bin.pb.cc">
      <Filter>Source Files\auto_gen_grpc_client</Filter>
    </ClCompile>
    <ClCompile Include="src\auto_gen_grpc_client\application_identifier.grpc.pb.cc">
      <Filter>Source Files\auto_gen_grpc_client</Filter>
    </ClCompile>
    <ClCompile Include="src\auto_gen_grpc_client\application_identifier.pb.cc">
      <Filter>Source Files\auto_gen_grpc_client</Filter>
    </ClCompile>
    <ClCompile Include="src\auto_gen_grpc_client\capk_table.grpc.pb.cc">
      <Filter>Source Files\auto_gen_grpc_client</Filter>
    </ClCompile>
    <ClCompile Include="src\auto_gen_grpc_client\capk_table.pb.cc">
      <Filter>Source Files\auto_gen_grpc_client</Filter>
    </ClCompile>
    <ClCompile Include="src\auto_gen_grpc_client\card_action.grpc.pb.cc">
      <Filter>Source Files\auto_gen_grpc_client</Filter>
    </ClCompile>
    <ClCompile Include="src\auto_gen_grpc_client\card_action.pb.cc">
      <Filter>Source Files\auto_gen_grpc_client</Filter>
    </ClCompile>
    <ClCompile Include="src\auto_gen_grpc_client\debit_recovery.grpc.pb.cc">
      <Filter>Source Files\auto_gen_grpc_client</Filter>
    </ClCompile>
    <ClCompile Include="src\auto_gen_grpc_client\debit_recovery.pb.cc">
      <Filter>Source Files\auto_gen_grpc_client</Filter>
    </ClCompile>
    <ClCompile Include="src\auto_gen_grpc_client\device_parameters.grpc.pb.cc">
      <Filter>Source Files\auto_gen_grpc_client</Filter>
    </ClCompile>
    <ClCompile Include="src\auto_gen_grpc_client\device_parameters.pb.cc">
      <Filter>Source Files\auto_gen_grpc_client</Filter>
    </ClCompile>
    <ClCompile Include="src\auto_gen_grpc_client\device_register.grpc.pb.cc">
      <Filter>Source Files\auto_gen_grpc_client</Filter>
    </ClCompile>
    <ClCompile Include="src\auto_gen_grpc_client\device_register.pb.cc">
      <Filter>Source Files\auto_gen_grpc_client</Filter>
    </ClCompile>
    <ClCompile Include="src\auto_gen_grpc_client\pan_acceptance_list.grpc.pb.cc">
      <Filter>Source Files\auto_gen_grpc_client</Filter>
    </ClCompile>
    <ClCompile Include="src\auto_gen_grpc_client\pan_acceptance_list.pb.cc">
      <Filter>Source Files\auto_gen_grpc_client</Filter>
    </ClCompile>
    <ClCompile Include="src\auto_gen_grpc_client\pan_restriction_list.grpc.pb.cc">
      <Filter>Source Files\auto_gen_grpc_client</Filter>
    </ClCompile>
    <ClCompile Include="src\auto_gen_grpc_client\pan_restriction_list.pb.cc">
      <Filter>Source Files\auto_gen_grpc_client</Filter>
    </ClCompile>
    <ClCompile Include="src\auto_gen_grpc_client\par_acceptance_list.grpc.pb.cc">
      <Filter>Source Files\auto_gen_grpc_client</Filter>
    </ClCompile>
    <ClCompile Include="src\auto_gen_grpc_client\par_acceptance_list.pb.cc">
      <Filter>Source Files\auto_gen_grpc_client</Filter>
    </ClCompile>
    <ClCompile Include="src\auto_gen_grpc_client\par_restriction_list.grpc.pb.cc">
      <Filter>Source Files\auto_gen_grpc_client</Filter>
    </ClCompile>
    <ClCompile Include="src\auto_gen_grpc_client\par_restriction_list.pb.cc">
      <Filter>Source Files\auto_gen_grpc_client</Filter>
    </ClCompile>
    <ClCompile Include="src\auto_gen_grpc_client\passage_register.grpc.pb.cc">
      <Filter>Source Files\auto_gen_grpc_client</Filter>
    </ClCompile>
    <ClCompile Include="src\auto_gen_grpc_client\passage_register.pb.cc">
      <Filter>Source Files\auto_gen_grpc_client</Filter>
    </ClCompile>
    <ClCompile Include="src\auto_gen_grpc_client\restriction_list.grpc.pb.cc">
      <Filter>Source Files\auto_gen_grpc_client</Filter>
    </ClCompile>
    <ClCompile Include="src\auto_gen_grpc_client\restriction_list.pb.cc">
      <Filter>Source Files\auto_gen_grpc_client</Filter>
    </ClCompile>
    <ClCompile Include="src\debit_recovery.cpp">
      <Filter>Source Files</Filter>
    </ClCompile>
  </ItemGroup>
  <ItemGroup>
    <None Include="readme.md">
      <Filter>Docs</Filter>
    </None>
    <None Include="build_protos.bat">
      <Filter>Tools</Filter>
    </None>
    <None Include=".gitignore" />
    <None Include="gRPC_protos\restriction_list.proto">
      <Filter>gRPC_protos</Filter>
    </None>
    <None Include="gRPC_protos\acceptance_list.proto">
      <Filter>gRPC_protos</Filter>
    </None>
    <None Include="gRPC_protos\debit_recovery.proto">
      <Filter>gRPC_protos</Filter>
    </None>
    <None Include="gRPC_protos\device_parameters.proto">
      <Filter>gRPC_protos</Filter>
    </None>
    <None Include="gRPC_protos\device_register.proto">
      <Filter>gRPC_protos</Filter>
    </None>
    <None Include="gRPC_protos\passage_register.proto">
      <Filter>gRPC_protos</Filter>
    </None>
    <None Include="gRPC_protos\Protos\par_acceptance_list.proto">
      <Filter>gRPC_protos\Protos</Filter>
    </None>
    <None Include="gRPC_protos\Protos\par_restriction_list.proto">
      <Filter>gRPC_protos\Protos</Filter>
    </None>
    <None Include="gRPC_protos\Protos\accepted_bin.proto">
      <Filter>gRPC_protos\Protos</Filter>
    </None>
    <None Include="gRPC_protos\Protos\application_identifier.proto">
      <Filter>gRPC_protos\Protos</Filter>
    </None>
    <None Include="gRPC_protos\Protos\capk_table.proto">
      <Filter>gRPC_protos\Protos</Filter>
    </None>
    <None Include="gRPC_protos\Protos\card_action.proto">
      <Filter>gRPC_protos\Protos</Filter>
    </None>
    <None Include="gRPC_protos\Protos\pan_acceptance_list.proto">
      <Filter>gRPC_protos\Protos</Filter>
    </None>
    <None Include="gRPC_protos\Protos\pan_restriction_list.proto">
      <Filter>gRPC_protos\Protos</Filter>
    </None>
  </ItemGroup>
  <ItemGroup>
    <ClInclude Include="src\devices_prameters_client.h">
      <Filter>Header Files</Filter>
    </ClInclude>
    <ClInclude Include="src\restriction_lists_client.h">
      <Filter>Header Files</Filter>
    </ClInclude>
    <ClInclude Include="src\devices_manager_client.h">
      <Filter>Header Files</Filter>
    </ClInclude>
    <ClInclude Include="src\transactions_client.h">
      <Filter>Header Files</Filter>
    </ClInclude>
    <ClInclude Include="resource.h">
      <Filter>Header Files</Filter>
    </ClInclude>
    <ClInclude Include="src\version.h">
      <Filter>Header Files</Filter>
    </ClInclude>
    <ClInclude Include="src\app_version.h">
      <Filter>Header Files</Filter>
    </ClInclude>
    <ClInclude Include="src\auto_gen_grpc_client\Protos\pan_acceptance_list.pb.h">
      <Filter>Header Files\auto_gen_grpc_client</Filter>
    </ClInclude>
    <ClInclude Include="src\auto_gen_grpc_client\Protos\pan_restriction_list.grpc.pb.h">
      <Filter>Header Files\auto_gen_grpc_client</Filter>
    </ClInclude>
    <ClInclude Include="src\auto_gen_grpc_client\Protos\pan_restriction_list.pb.h">
      <Filter>Header Files\auto_gen_grpc_client</Filter>
    </ClInclude>
    <ClInclude Include="src\auto_gen_grpc_client\Protos\par_acceptance_list.grpc.pb.h">
      <Filter>Header Files\auto_gen_grpc_client</Filter>
    </ClInclude>
    <ClInclude Include="src\auto_gen_grpc_client\Protos\par_acceptance_list.pb.h">
      <Filter>Header Files\auto_gen_grpc_client</Filter>
    </ClInclude>
    <ClInclude Include="src\auto_gen_grpc_client\Protos\par_restriction_list.grpc.pb.h">
      <Filter>Header Files\auto_gen_grpc_client</Filter>
    </ClInclude>
    <ClInclude Include="src\auto_gen_grpc_client\Protos\par_restriction_list.pb.h">
      <Filter>Header Files\auto_gen_grpc_client</Filter>
    </ClInclude>
    <ClInclude Include="src\auto_gen_grpc_client\Protos\accepted_bin.grpc.pb.h">
      <Filter>Header Files\auto_gen_grpc_client</Filter>
    </ClInclude>
    <ClInclude Include="src\auto_gen_grpc_client\Protos\accepted_bin.pb.h">
      <Filter>Header Files\auto_gen_grpc_client</Filter>
    </ClInclude>
    <ClInclude Include="src\auto_gen_grpc_client\Protos\application_identifier.grpc.pb.h">
      <Filter>Header Files\auto_gen_grpc_client</Filter>
    </ClInclude>
    <ClInclude Include="src\auto_gen_grpc_client\Protos\application_identifier.pb.h">
      <Filter>Header Files\auto_gen_grpc_client</Filter>
    </ClInclude>
    <ClInclude Include="src\auto_gen_grpc_client\Protos\capk_table.grpc.pb.h">
      <Filter>Header Files\auto_gen_grpc_client</Filter>
    </ClInclude>
    <ClInclude Include="src\auto_gen_grpc_client\Protos\capk_table.pb.h">
      <Filter>Header Files\auto_gen_grpc_client</Filter>
    </ClInclude>
    <ClInclude Include="src\auto_gen_grpc_client\Protos\card_action.grpc.pb.h">
      <Filter>Header Files\auto_gen_grpc_client</Filter>
    </ClInclude>
    <ClInclude Include="src\auto_gen_grpc_client\Protos\card_action.pb.h">
      <Filter>Header Files\auto_gen_grpc_client</Filter>
    </ClInclude>
    <ClInclude Include="src\auto_gen_grpc_client\Protos\pan_acceptance_list.grpc.pb.h">
      <Filter>Header Files\auto_gen_grpc_client</Filter>
    </ClInclude>
    <ClInclude Include="src\auto_gen_grpc_client\passage_register.pb.h">
      <Filter>Header Files\auto_gen_grpc_client</Filter>
    </ClInclude>
    <ClInclude Include="src\auto_gen_grpc_client\restriction_list.grpc.pb.h">
      <Filter>Header Files\auto_gen_grpc_client</Filter>
    </ClInclude>
    <ClInclude Include="src\auto_gen_grpc_client\restriction_list.pb.h">
      <Filter>Header Files\auto_gen_grpc_client</Filter>
    </ClInclude>
    <ClInclude Include="src\auto_gen_grpc_client\acceptance_list.grpc.pb.h">
      <Filter>Header Files\auto_gen_grpc_client</Filter>
    </ClInclude>
    <ClInclude Include="src\auto_gen_grpc_client\acceptance_list.pb.h">
      <Filter>Header Files\auto_gen_grpc_client</Filter>
    </ClInclude>
    <ClInclude Include="src\auto_gen_grpc_client\debit_recovery.grpc.pb.h">
      <Filter>Header Files\auto_gen_grpc_client</Filter>
    </ClInclude>
    <ClInclude Include="src\auto_gen_grpc_client\debit_recovery.pb.h">
      <Filter>Header Files\auto_gen_grpc_client</Filter>
    </ClInclude>
    <ClInclude Include="src\auto_gen_grpc_client\device_parameters.grpc.pb.h">
      <Filter>Header Files\auto_gen_grpc_client</Filter>
    </ClInclude>
    <ClInclude Include="src\auto_gen_grpc_client\device_parameters.pb.h">
      <Filter>Header Files\auto_gen_grpc_client</Filter>
    </ClInclude>
    <ClInclude Include="src\auto_gen_grpc_client\device_register.grpc.pb.h">
      <Filter>Header Files\auto_gen_grpc_client</Filter>
    </ClInclude>
    <ClInclude Include="src\auto_gen_grpc_client\device_register.pb.h">
      <Filter>Header Files\auto_gen_grpc_client</Filter>
    </ClInclude>
    <ClInclude Include="src\auto_gen_grpc_client\passage_register.grpc.pb.h">
      <Filter>Header Files\auto_gen_grpc_client</Filter>
    </ClInclude>
    <ClInclude Include="src\debit_recovery.h">
      <Filter>Header Files</Filter>
    </ClInclude>
  </ItemGroup>
  <ItemGroup>
    <Text Include="AXIS_Client_Windows_Versoes.txt">
      <Filter>Docs</Filter>
    </Text>
  </ItemGroup>
  <ItemGroup>
    <ResourceCompile Include="AXIS_Client.rc">
      <Filter>Resource Files</Filter>
    </ResourceCompile>
  </ItemGroup>
</Project>